
Microsoft Visual Studio Solution File, Format Version 12.00
# Visual Studio Version 17
VisualStudioVersion = 17.13.35818.85 d17.13
MinimumVisualStudioVersion = 10.0.40219.1
Project("{FAE04EC0-301F-11D3-BF4B-00C04F79EFBC}") = "Mod7_02", "Mod7_02\Mod7_02.csproj", "{73DA0DF6-7391-4275-92BC-B1CE5A752406}"
EndProject
Global
	GlobalSection(SolutionConfigurationPlatforms) = preSolution
		Debug|Any CPU = Debug|Any CPU
		Release|Any CPU = Release|Any CPU
	EndGlobalSection
	GlobalSection(ProjectConfigurationPlatforms) = postSolution
		{73DA0DF6-7391-4275-92BC-B1CE5A752406}.Debug|Any CPU.ActiveCfg = Debug|Any CPU
		{73DA0DF6-7391-4275-92BC-B1CE5A752406}.Debug|Any CPU.Build.0 = Debug|Any CPU
		{73DA0DF6-7391-4275-92BC-B1CE5A752406}.Release|Any CPU.ActiveCfg = Release|Any CPU
		{73DA0DF6-7391-4275-92BC-B1CE5A752406}.Release|Any CPU.Build.0 = Release|Any CPU
	EndGlobalSection
	GlobalSection(SolutionProperties) = preSolution
		HideSolutionNode = FALSE
	EndGlobalSection
	GlobalSection(ExtensibilityGlobals) = postSolution
		SolutionGuid = {EC694A04-A487-413F-9470-2EB5C04A3ACF}
	EndGlobalSection
EndGlobal
